
Microsoft Visual Studio Solution File, Format Version 12.00
# Visual Studio Version 17
VisualStudioVersion = 17.14.36408.4 d17.14
MinimumVisualStudioVersion = 10.0.40219.1
Project("{FAE04EC0-301F-11D3-BF4B-00C04F79EFBC}") = "WAPP_Assignment", "WAPP_Assignment.csproj", "{7406C8E3-4952-4D0A-9F0D-75508EDBA14E}"
EndProject
Global
	GlobalSection(SolutionConfigurationPlatforms) = preSolution
		Debug|Any CPU = Debug|Any CPU
		Release|Any CPU = Release|Any CPU
	EndGlobalSection
	GlobalSection(ProjectConfigurationPlatforms) = postSolution
		{7406C8E3-4952-4D0A-9F0D-75508EDBA14E}.Debug|Any CPU.ActiveCfg = Debug|Any CPU
		{7406C8E3-4952-4D0A-9F0D-75508EDBA14E}.Debug|Any CPU.Build.0 = Debug|Any CPU
		{7406C8E3-4952-4D0A-9F0D-75508EDBA14E}.Release|Any CPU.ActiveCfg = Release|Any CPU
		{7406C8E3-4952-4D0A-9F0D-75508EDBA14E}.Release|Any CPU.Build.0 = Release|Any CPU
	EndGlobalSection
	GlobalSection(SolutionProperties) = preSolution
		HideSolutionNode = FALSE
	EndGlobalSection
	GlobalSection(ExtensibilityGlobals) = postSolution
		SolutionGuid = {2B6FA0DA-B0B8-4899-9673-698F53DA5384}
	EndGlobalSection
EndGlobal
